Microsoft Visual Studio Solution File, Format Version 11.00
# Visual Studio 2008

Project("{CAAAB08A-9A63-9A84-CEA9-218FD7B6F5EA}") = "Chimera Project", "Assembly-CSharp.csproj", "{0E380A98-7212-E8E1-3F2E-C507621B0976}"
EndProject
Global
	GlobalSection(SolutionConfigurationPlatforms) = preSolution
		Debug|Any CPU = Debug|Any CPU
		Release|Any CPU = Release|Any CPU
	EndGlobalSection
	GlobalSection(ProjectConfigurationPlatforms) = postSolution
		{0E380A98-7212-E8E1-3F2E-C507621B0976}.Debug|Any CPU.ActiveCfg = Debug|Any CPU
		{0E380A98-7212-E8E1-3F2E-C507621B0976}.Debug|Any CPU.Build.0 = Debug|Any CPU
		{0E380A98-7212-E8E1-3F2E-C507621B0976}.Release|Any CPU.ActiveCfg = Release|Any CPU
		{0E380A98-7212-E8E1-3F2E-C507621B0976}.Release|Any CPU.Build.0 = Release|Any CPU
	EndGlobalSection
	GlobalSection(SolutionProperties) = preSolution
		HideSolutionNode = FALSE
	EndGlobalSection
	GlobalSection(MonoDevelopProperties) = preSolution
		StartupItem = Assembly-CSharp.csproj
	EndGlobalSection
EndGlobal
